{
    "_readme": [
        "This file locks the dependencies of your project to a known state",
        "Read more about it at https://getcomposer.org/doc/01-basic-usage.md#composer-lock-the-lock-file",
        "This file is @generated automatically"
    ],
    "hash": "52e7690c4d2260477db94750dfa84b73",
    "content-hash": "547bbce68f2a4eda64bba5e0b0c6281c",
    "packages": [
        {
            "name": "immense/macaroons",
            "version": "1.0.0",
            "source": {
                "type": "git",
                "url": "https://github.com/immense/php-macaroons.git",
                "reference": "5f6eb221dfbb1b80c2c4afe973e13f6092ec456c"
            },
            "dist": {
                "type": "zip",
                "url": "https://api.github.com/repos/immense/php-macaroons/zipball/5f6eb221dfbb1b80c2c4afe973e13f6092ec456c",
                "reference": "5f6eb221dfbb1b80c2c4afe973e13f6092ec456c",
                "shasum": ""
            },
            "require": {
                "ext-libsodium": "1.*",
                "php": ">=5.3.0"
            },
            "require-dev": {
                "phpunit/phpunit": "4.*",
                "satooshi/php-coveralls": "0.6.*"
            },
            "type": "library",
            "autoload": {
                "psr-4": {
                    "Macaroons\\": "lib/Macaroons"
                }
            },
            "notification-url": "https://packagist.org/downloads/",
            "license": [
                "MIT"
            ],
            "authors": [
                {
                    "name": "Chris McKnight",
                    "email": "cmckni3@gmail.com",
                    "role": "Developer"
                }
            ],
            "description": "PHP implementation of Macaroons",
            "keywords": [
                "Authentication",
                "authorization",
                "macaroons"
            ],
            "time": "2015-12-24 00:33:40"
        }
    ],
    "packages-dev": [],
    "aliases": [],
    "minimum-stability": "stable",
    "stability-flags": [],
    "prefer-stable": false,
    "prefer-lowest": false,
    "platform": [],
    "platform-dev": []
}
