{
    "_readme": [
        "This file locks the dependencies of your project to a known state",
        "Read more about it at https://getcomposer.org/doc/01-basic-usage.md#composer-lock-the-lock-file",
        "This file is @generated automatically"
    ],
    "hash": "50a472ed74623abc53bab7a74d64e597",
    "packages": [
        {
            "name": "immense/macaroons",
            "version": "0.5.3",
            "source": {
                "type": "git",
                "url": "https://github.com/immense/php-macaroons.git",
                "reference": "bf1892e9315653dc9fbc705a9530ec06461c6d36"
            },
            "dist": {
                "type": "zip",
                "url": "https://api.github.com/repos/immense/php-macaroons/zipball/bf1892e9315653dc9fbc705a9530ec06461c6d36",
                "reference": "bf1892e9315653dc9fbc705a9530ec06461c6d36",
                "shasum": ""
            },
            "require": {
                "ext-libsodium": "0.1.3",
                "php": ">=5.3.6",
                "symfony/serializer": "2.*"
            },
            "require-dev": {
                "phpunit/phpunit": "4.6.*",
                "satooshi/php-coveralls": "0.6.*",
                "symfony/debug": "2.*",
                "symfony/stopwatch": "2.*"
            },
            "type": "library",
            "autoload": {
                "psr-4": {
                    "Macaroons\\": "lib/Macaroons"
                }
            },
            "notification-url": "https://packagist.org/downloads/",
            "license": [
                "MIT"
            ],
            "authors": [
                {
                    "name": "Chris McKnight",
                    "email": "cmckni3@gmail.com",
                    "role": "Developer"
                }
            ],
            "description": "PHP implementation of Macaroons",
            "keywords": [
                "Authentication",
                "authorization",
                "macaroons"
            ],
            "time": "2015-05-12 21:41:15"
        },
        {
            "name": "symfony/serializer",
            "version": "v2.6.7",
            "target-dir": "Symfony/Component/Serializer",
            "source": {
                "type": "git",
                "url": "https://github.com/symfony/Serializer.git",
                "reference": "bb6b030d92f24dac37f1b992dbd7c52bca0796d0"
            },
            "dist": {
                "type": "zip",
                "url": "https://api.github.com/repos/symfony/Serializer/zipball/bb6b030d92f24dac37f1b992dbd7c52bca0796d0",
                "reference": "bb6b030d92f24dac37f1b992dbd7c52bca0796d0",
                "shasum": ""
            },
            "require": {
                "php": ">=5.3.3"
            },
            "require-dev": {
                "symfony/phpunit-bridge": "~2.7"
            },
            "type": "library",
            "extra": {
                "branch-alias": {
                    "dev-master": "2.6-dev"
                }
            },
            "autoload": {
                "psr-0": {
                    "Symfony\\Component\\Serializer\\": ""
                }
            },
            "notification-url": "https://packagist.org/downloads/",
            "license": [
                "MIT"
            ],
            "authors": [
                {
                    "name": "Fabien Potencier",
                    "email": "fabien@symfony.com"
                },
                {
                    "name": "Symfony Community",
                    "homepage": "https://symfony.com/contributors"
                }
            ],
            "description": "Symfony Serializer Component",
            "homepage": "https://symfony.com",
            "time": "2015-05-02 15:18:45"
        }
    ],
    "packages-dev": [],
    "aliases": [],
    "minimum-stability": "stable",
    "stability-flags": [],
    "prefer-stable": false,
    "prefer-lowest": false,
    "platform": [],
    "platform-dev": []
}
